github.com/ingot-agent/sdk v0.1.0 h1:ZPUr6tibNDESlsC40EGhKiYT4Z6cXSr8TC3rD7GknQk=
github.com/ingot-agent/sdk v0.1.0/go.mod h1:+/tfM9PLeg588df4RQnb/aclBPUmduzrYQjUlH8UKrE=
github.com/ingot-agent/sdk v0.1.1 h1:dKRoDKQNsUBhfhjuAUtPdPZxi88/trkSq+rPq8+GSzY=
github.com/ingot-agent/sdk v0.1.1/go.mod h1:+/tfM9PLeg588df4RQnb/aclBPUmduzrYQjUlH8UKrE=
golang.org/x/sys v0.35.0 h1:vz1N37gP5bs89s7He8XuIYXpyY0+QlsKmzipCbUtyxI=
golang.org/x/sys v0.35.0/go.mod h1:BJP2sWEmIv4KK5OTEluFJCKSidICx8ciO85XgH3Ak8k=
